
Microsoft Visual Studio Solution File, Format Version 12.00
# Visual Studio Version 17
VisualStudioVersion = 17.7.34031.279
MinimumVisualStudioVersion = 10.0.40219.1
Project("{9A19103F-16F7-4668-BE54-9A1E7A4F7556}") = "EmployeeAPI", "Employee.API\EmployeeAPI.csproj", "{330FEDE7-E1FA-4AA2-B052-81DD804C4E79}"
EndProject
Project("{9A19103F-16F7-4668-BE54-9A1E7A4F7556}") = "SharedLibrary", "Employee.Shared\SharedLibrary.csproj", "{551E81A6-1A5E-44F8-A12D-CECDC4FF3F8C}"
EndProject
Project("{9A19103F-16F7-4668-BE54-9A1E7A4F7556}") = "WebClient", "WebClient\WebClient.csproj", "{EB88A54D-38F6-4BA2-B0ED-3CA71921A613}"
EndProject
Project("{FAE04EC0-301F-11D3-BF4B-00C04F79EFBC}") = "DesktopClient", "DesktopClient\DesktopClient.csproj", "{A564A16A-5BD9-467B-93DA-F8B220E2565F}"
EndProject
Global
	GlobalSection(SolutionConfigurationPlatforms) = preSolution
		Debug|Any CPU = Debug|Any CPU
		Release|Any CPU = Release|Any CPU
	EndGlobalSection
	GlobalSection(ProjectConfigurationPlatforms) = postSolution
		{330FEDE7-E1FA-4AA2-B052-81DD804C4E79}.Debug|Any CPU.ActiveCfg = Debug|Any CPU
		{330FEDE7-E1FA-4AA2-B052-81DD804C4E79}.Debug|Any CPU.Build.0 = Debug|Any CPU
		{330FEDE7-E1FA-4AA2-B052-81DD804C4E79}.Release|Any CPU.ActiveCfg = Release|Any CPU
		{330FEDE7-E1FA-4AA2-B052-81DD804C4E79}.Release|Any CPU.Build.0 = Release|Any CPU
		{551E81A6-1A5E-44F8-A12D-CECDC4FF3F8C}.Debug|Any CPU.ActiveCfg = Debug|Any CPU
		{551E81A6-1A5E-44F8-A12D-CECDC4FF3F8C}.Debug|Any CPU.Build.0 = Debug|Any CPU
		{551E81A6-1A5E-44F8-A12D-CECDC4FF3F8C}.Release|Any CPU.ActiveCfg = Release|Any CPU
		{551E81A6-1A5E-44F8-A12D-CECDC4FF3F8C}.Release|Any CPU.Build.0 = Release|Any CPU
		{EB88A54D-38F6-4BA2-B0ED-3CA71921A613}.Debug|Any CPU.ActiveCfg = Debug|Any CPU
		{EB88A54D-38F6-4BA2-B0ED-3CA71921A613}.Debug|Any CPU.Build.0 = Debug|Any CPU
		{EB88A54D-38F6-4BA2-B0ED-3CA71921A613}.Release|Any CPU.ActiveCfg = Release|Any CPU
		{EB88A54D-38F6-4BA2-B0ED-3CA71921A613}.Release|Any CPU.Build.0 = Release|Any CPU
		{A564A16A-5BD9-467B-93DA-F8B220E2565F}.Debug|Any CPU.ActiveCfg = Debug|Any CPU
		{A564A16A-5BD9-467B-93DA-F8B220E2565F}.Debug|Any CPU.Build.0 = Debug|Any CPU
		{A564A16A-5BD9-467B-93DA-F8B220E2565F}.Release|Any CPU.ActiveCfg = Release|Any CPU
		{A564A16A-5BD9-467B-93DA-F8B220E2565F}.Release|Any CPU.Build.0 = Release|Any CPU
	EndGlobalSection
	GlobalSection(SolutionProperties) = preSolution
		HideSolutionNode = FALSE
	EndGlobalSection
	GlobalSection(ExtensibilityGlobals) = postSolution
		SolutionGuid = {D743E057-134C-4821-928E-82F81BCADBC8}
	EndGlobalSection
EndGlobal
